<?xml version="1.0" encoding="utf-8"?>
<Project ToolsVersion="4.0" xmlns="http://schemas.microsoft.com/developer/msbuild/2003">
  <ItemGroup>
    <Filter Include="Source Files">
      <UniqueIdentifier>{4FC737F1-C7A5-4376-A066-2A32D752A2FF}</UniqueIdentifier>
      <Extensions>cpp;c;cc;cxx;def;odl;idl;hpj;bat;asm;asmx</Extensions>
    </Filter>
    <Filter Include="Header Files">
      <UniqueIdentifier>{93995380-89BD-4b04-88EB-625FBE52EBFB}</UniqueIdentifier>
      <Extensions>h;hh;hpp;hxx;hm;inl;inc;xsd</Extensions>
    </Filter>
    <Filter Include="Resource Files">
      <UniqueIdentifier>{67DA6AB6-F800-4c08-8B7A-83BB121AAD01}</UniqueIdentifier>
      <Extensions>rc;ico;cur;bmp;dlg;rc2;rct;bin;rgs;gif;jpg;jpeg;jpe;resx;tiff;tif;png;wav;mfcribbon-ms</Extensions>
    </Filter>
    <Filter Include="Resource Files\trainingDataset">
      <UniqueIdentifier>{fbd8b4d2-0b88-443f-a113-12771eed5884}</UniqueIdentifier>
    </Filter>
    <Filter Include="Resource Files\testDataset">
      <UniqueIdentifier>{36178d67-0815-422a-970c-06976325a3de}</UniqueIdentifier>
    </Filter>
  </ItemGroup>
  <ItemGroup>
    <ClCompile Include="main.cpp">
      <Filter>Source Files</Filter>
    </ClCompile>
    <ClCompile Include="Stemmer.cpp">
      <Filter>Source Files</Filter>
    </ClCompile>
    <ClCompile Include="Vocabulary.cpp">
      <Filter>Source Files</Filter>
    </ClCompile>
    <ClCompile Include="QAPairsSet.cpp">
      <Filter>Source Files</Filter>
    </ClCompile>
    <ClCompile Include="QAMachineCore.cpp">
      <Filter>Source Files</Filter>
    </ClCompile>
  </ItemGroup>
  <ItemGroup>
    <ClInclude Include="Stemmer.h">
      <Filter>Header Files</Filter>
    </ClInclude>
    <ClInclude Include="Vocabulary.h">
      <Filter>Header Files</Filter>
    </ClInclude>
    <ClInclude Include="IMachineCore.h">
      <Filter>Header Files</Filter>
    </ClInclude>
    <ClInclude Include="QAPairsSet.h">
      <Filter>Header Files</Filter>
    </ClInclude>
    <ClInclude Include="QAMachineCore.h">
      <Filter>Header Files</Filter>
    </ClInclude>
  </ItemGroup>
  <ItemGroup>
    <Text Include="Q_A_set.txt">
      <Filter>Resource Files</Filter>
    </Text>
    <Text Include="rejected.txt">
      <Filter>Resource Files</Filter>
    </Text>
    <Text Include="trainingDataset\animals.txt">
      <Filter>Resource Files\trainingDataset</Filter>
    </Text>
    <Text Include="trainingDataset\art.txt">
      <Filter>Resource Files\trainingDataset</Filter>
    </Text>
    <Text Include="trainingDataset\astrology.txt">
      <Filter>Resource Files\trainingDataset</Filter>
    </Text>
    <Text Include="trainingDataset\astronomy.txt">
      <Filter>Resource Files\trainingDataset</Filter>
    </Text>
    <Text Include="trainingDataset\billionaire.txt">
      <Filter>Resource Files\trainingDataset</Filter>
    </Text>
    <Text Include="trainingDataset\cinema-tv.txt">
      <Filter>Resource Files\trainingDataset</Filter>
    </Text>
    <Text Include="trainingDataset\clothes.txt">
      <Filter>Resource Files\trainingDataset</Filter>
    </Text>
    <Text Include="trainingDataset\fairy-tales.txt">
      <Filter>Resource Files\trainingDataset</Filter>
    </Text>
    <Text Include="trainingDataset\geography.txt">
      <Filter>Resource Files\trainingDataset</Filter>
    </Text>
    <Text Include="trainingDataset\greek-myths.txt">
      <Filter>Resource Files\trainingDataset</Filter>
    </Text>
    <Text Include="trainingDataset\harry-potter.txt">
      <Filter>Resource Files\trainingDataset</Filter>
    </Text>
    <Text Include="trainingDataset\history.txt">
      <Filter>Resource Files\trainingDataset</Filter>
    </Text>
    <Text Include="trainingDataset\it-internet.txt">
      <Filter>Resource Files\trainingDataset</Filter>
    </Text>
    <Text Include="trainingDataset\jokes.txt">
      <Filter>Resource Files\trainingDataset</Filter>
    </Text>
    <Text Include="trainingDataset\literature.txt">
      <Filter>Resource Files\trainingDataset</Filter>
    </Text>
    <Text Include="trainingDataset\military.txt">
      <Filter>Resource Files\trainingDataset</Filter>
    </Text>
    <Text Include="trainingDataset\music.txt">
      <Filter>Resource Files\trainingDataset</Filter>
    </Text>
    <Text Include="trainingDataset\other.txt">
      <Filter>Resource Files\trainingDataset</Filter>
    </Text>
    <Text Include="trainingDataset\plants.txt">
      <Filter>Resource Files\trainingDataset</Filter>
    </Text>
    <Text Include="trainingDataset\proverbs.txt">
      <Filter>Resource Files\trainingDataset</Filter>
    </Text>
    <Text Include="trainingDataset\russian-cars.txt">
      <Filter>Resource Files\trainingDataset</Filter>
    </Text>
    <Text Include="trainingDataset\scanwords.txt">
      <Filter>Resource Files\trainingDataset</Filter>
    </Text>
    <Text Include="trainingDataset\science.txt">
      <Filter>Resource Files\trainingDataset</Filter>
    </Text>
    <Text Include="trainingDataset\sport.txt">
      <Filter>Resource Files\trainingDataset</Filter>
    </Text>
    <Text Include="trainingDataset\traditions.txt">
      <Filter>Resource Files\trainingDataset</Filter>
    </Text>
    <Text Include="trainingDataset\traveling.txt">
      <Filter>Resource Files\trainingDataset</Filter>
    </Text>
    <Text Include="testDataset\unsorted-0.txt">
      <Filter>Resource Files\testDataset</Filter>
    </Text>
    <Text Include="testDataset\unsorted-1.txt">
      <Filter>Resource Files\testDataset</Filter>
    </Text>
    <Text Include="testDataset\unsorted-2.txt">
      <Filter>Resource Files\testDataset</Filter>
    </Text>
    <Text Include="testDataset\unsorted-3.txt">
      <Filter>Resource Files\testDataset</Filter>
    </Text>
    <Text Include="testDataset\unsorted-4.txt">
      <Filter>Resource Files\testDataset</Filter>
    </Text>
    <Text Include="testDataset\unsorted-5.txt">
      <Filter>Resource Files\testDataset</Filter>
    </Text>
    <Text Include="testDataset\unsorted-6.txt">
      <Filter>Resource Files\testDataset</Filter>
    </Text>
    <Text Include="testDataset\unsorted-7.txt">
      <Filter>Resource Files\testDataset</Filter>
    </Text>
    <Text Include="testDataset\unsorted-8.txt">
      <Filter>Resource Files\testDataset</Filter>
    </Text>
    <Text Include="testDataset\unsorted-9.txt">
      <Filter>Resource Files\testDataset</Filter>
    </Text>
    <Text Include="testDataset\unsorted-10.txt">
      <Filter>Resource Files\testDataset</Filter>
    </Text>
    <Text Include="testDataset\unsorted-11.txt">
      <Filter>Resource Files\testDataset</Filter>
    </Text>
    <Text Include="testDataset\unsorted-12.txt">
      <Filter>Resource Files\testDataset</Filter>
    </Text>
    <Text Include="testDataset\unsorted-13.txt">
      <Filter>Resource Files\testDataset</Filter>
    </Text>
    <Text Include="testDataset\unsorted-14.txt">
      <Filter>Resource Files\testDataset</Filter>
    </Text>
    <Text Include="quiz.txt">
      <Filter>Resource Files</Filter>
    </Text>
  </ItemGroup>
</Project>